
Microsoft Visual Studio Solution File, Format Version 12.00
# Visual Studio Version 16
VisualStudioVersion = 16.0.31424.327
MinimumVisualStudioVersion = 10.0.40219.1
Project("{FAE04EC0-301F-11D3-BF4B-00C04F79EFBC}") = "ZOO", "ArturSkomarohov_DEX_HomeWork_1\ZOO.csproj", "{EDC39DCB-E4DB-4828-ADCF-AADC4BD7EC4E}"
EndProject
Global
	GlobalSection(SolutionConfigurationPlatforms) = preSolution
		Debug|Any CPU = Debug|Any CPU
		Release|Any CPU = Release|Any CPU
	EndGlobalSection
	GlobalSection(ProjectConfigurationPlatforms) = postSolution
		{EDC39DCB-E4DB-4828-ADCF-AADC4BD7EC4E}.Debug|Any CPU.ActiveCfg = Debug|Any CPU
		{EDC39DCB-E4DB-4828-ADCF-AADC4BD7EC4E}.Debug|Any CPU.Build.0 = Debug|Any CPU
		{EDC39DCB-E4DB-4828-ADCF-AADC4BD7EC4E}.Release|Any CPU.ActiveCfg = Release|Any CPU
		{EDC39DCB-E4DB-4828-ADCF-AADC4BD7EC4E}.Release|Any CPU.Build.0 = Release|Any CPU
	EndGlobalSection
	GlobalSection(SolutionProperties) = preSolution
		HideSolutionNode = FALSE
	EndGlobalSection
	GlobalSection(ExtensibilityGlobals) = postSolution
		SolutionGuid = {6B2B7DFC-2202-4AAE-8129-A58E6F925AC5}
	EndGlobalSection
EndGlobal
